
Microsoft Visual Studio Solution File, Format Version 12.00
# Visual Studio Version 17
VisualStudioVersion = 17.10.34916.146
MinimumVisualStudioVersion = 10.0.40219.1
Project("{FAE04EC0-301F-11D3-BF4B-00C04F79EFBC}") = "project-TextRPG", "project-TextRPG\project-TextRPG.csproj", "{BFC2239E-B501-4B98-93F0-DFDD48F5EBFE}"
EndProject
Global
	GlobalSection(SolutionConfigurationPlatforms) = preSolution
		Debug|Any CPU = Debug|Any CPU
		Release|Any CPU = Release|Any CPU
	EndGlobalSection
	GlobalSection(ProjectConfigurationPlatforms) = postSolution
		{BFC2239E-B501-4B98-93F0-DFDD48F5EBFE}.Debug|Any CPU.ActiveCfg = Debug|Any CPU
		{BFC2239E-B501-4B98-93F0-DFDD48F5EBFE}.Debug|Any CPU.Build.0 = Debug|Any CPU
		{BFC2239E-B501-4B98-93F0-DFDD48F5EBFE}.Release|Any CPU.ActiveCfg = Release|Any CPU
		{BFC2239E-B501-4B98-93F0-DFDD48F5EBFE}.Release|Any CPU.Build.0 = Release|Any CPU
	EndGlobalSection
	GlobalSection(SolutionProperties) = preSolution
		HideSolutionNode = FALSE
	EndGlobalSection
	GlobalSection(ExtensibilityGlobals) = postSolution
		SolutionGuid = {6D63A3B8-EA17-4BAC-B86D-9AA1CAC153A3}
	EndGlobalSection
EndGlobal
